
Microsoft Visual Studio Solution File, Format Version 12.00
# Visual Studio 15
VisualStudioVersion = 15.0.28307.779
MinimumVisualStudioVersion = 10.0.40219.1
Project("{FAE04EC0-301F-11D3-BF4B-00C04F79EFBC}") = "ThirdStage.Linq", "ThirdStage.Linq\ThirdStage.Linq.csproj", "{0B340BE4-02AB-494B-ACBA-0F4E24172EB4}"
EndProject
Global
	GlobalSection(SolutionConfigurationPlatforms) = preSolution
		Debug|Any CPU = Debug|Any CPU
		Release|Any CPU = Release|Any CPU
	EndGlobalSection
	GlobalSection(ProjectConfigurationPlatforms) = postSolution
		{0B340BE4-02AB-494B-ACBA-0F4E24172EB4}.Debug|Any CPU.ActiveCfg = Debug|Any CPU
		{0B340BE4-02AB-494B-ACBA-0F4E24172EB4}.Debug|Any CPU.Build.0 = Debug|Any CPU
		{0B340BE4-02AB-494B-ACBA-0F4E24172EB4}.Release|Any CPU.ActiveCfg = Release|Any CPU
		{0B340BE4-02AB-494B-ACBA-0F4E24172EB4}.Release|Any CPU.Build.0 = Release|Any CPU
	EndGlobalSection
	GlobalSection(SolutionProperties) = preSolution
		HideSolutionNode = FALSE
	EndGlobalSection
	GlobalSection(ExtensibilityGlobals) = postSolution
		SolutionGuid = {04B31E65-B781-48B8-86F0-93FFC11BF3E7}
	EndGlobalSection
EndGlobal
