
Microsoft Visual Studio Solution File, Format Version 12.00
# Visual Studio 15
VisualStudioVersion = 15.0.27703.2026
MinimumVisualStudioVersion = 10.0.40219.1
Project("{FAE04EC0-301F-11D3-BF4B-00C04F79EFBC}") = "Point_Struct", "_3D_Point\Point_Struct.csproj", "{5B542E92-7AE6-443A-977F-1499DC0A590A}"
EndProject
Global
	GlobalSection(SolutionConfigurationPlatforms) = preSolution
		Debug|Any CPU = Debug|Any CPU
		Release|Any CPU = Release|Any CPU
	EndGlobalSection
	GlobalSection(ProjectConfigurationPlatforms) = postSolution
		{5B542E92-7AE6-443A-977F-1499DC0A590A}.Debug|Any CPU.ActiveCfg = Debug|Any CPU
		{5B542E92-7AE6-443A-977F-1499DC0A590A}.Debug|Any CPU.Build.0 = Debug|Any CPU
		{5B542E92-7AE6-443A-977F-1499DC0A590A}.Release|Any CPU.ActiveCfg = Release|Any CPU
		{5B542E92-7AE6-443A-977F-1499DC0A590A}.Release|Any CPU.Build.0 = Release|Any CPU
	EndGlobalSection
	GlobalSection(SolutionProperties) = preSolution
		HideSolutionNode = FALSE
	EndGlobalSection
	GlobalSection(ExtensibilityGlobals) = postSolution
		SolutionGuid = {AEC80038-7018-4CDA-9D4F-122EAECD34AA}
	EndGlobalSection
EndGlobal
