
Microsoft Visual Studio Solution File, Format Version 12.00
# Visual Studio 15
VisualStudioVersion = 15.0.27703.2026
MinimumVisualStudioVersion = 10.0.40219.1
Project("{FAE04EC0-301F-11D3-BF4B-00C04F79EFBC}") = "SecondStage.ExceptionHandling", "SecondStage.ExceptionHandling\SecondStage.ExceptionHandling.csproj", "{4653055B-470C-4ED3-B240-73CBD779A607}"
EndProject
Global
	GlobalSection(SolutionConfigurationPlatforms) = preSolution
		Debug|Any CPU = Debug|Any CPU
		Release|Any CPU = Release|Any CPU
	EndGlobalSection
	GlobalSection(ProjectConfigurationPlatforms) = postSolution
		{4653055B-470C-4ED3-B240-73CBD779A607}.Debug|Any CPU.ActiveCfg = Debug|Any CPU
		{4653055B-470C-4ED3-B240-73CBD779A607}.Debug|Any CPU.Build.0 = Debug|Any CPU
		{4653055B-470C-4ED3-B240-73CBD779A607}.Release|Any CPU.ActiveCfg = Release|Any CPU
		{4653055B-470C-4ED3-B240-73CBD779A607}.Release|Any CPU.Build.0 = Release|Any CPU
	EndGlobalSection
	GlobalSection(SolutionProperties) = preSolution
		HideSolutionNode = FALSE
	EndGlobalSection
	GlobalSection(ExtensibilityGlobals) = postSolution
		SolutionGuid = {EFE3CEC5-8F6D-4D8D-81FF-3B2F3D608738}
	EndGlobalSection
EndGlobal
