
Microsoft Visual Studio Solution File, Format Version 12.00
# Visual Studio 15
VisualStudioVersion = 15.0.28307.779
MinimumVisualStudioVersion = 10.0.40219.1
Project("{FAE04EC0-301F-11D3-BF4B-00C04F79EFBC}") = "ThirdStage.Delegates", "ThirdStage.Delegates\ThirdStage.Delegates.csproj", "{48E5D322-C9E9-48D3-8F4D-F36263934833}"
EndProject
Global
	GlobalSection(SolutionConfigurationPlatforms) = preSolution
		Debug|Any CPU = Debug|Any CPU
		Release|Any CPU = Release|Any CPU
	EndGlobalSection
	GlobalSection(ProjectConfigurationPlatforms) = postSolution
		{48E5D322-C9E9-48D3-8F4D-F36263934833}.Debug|Any CPU.ActiveCfg = Debug|Any CPU
		{48E5D322-C9E9-48D3-8F4D-F36263934833}.Debug|Any CPU.Build.0 = Debug|Any CPU
		{48E5D322-C9E9-48D3-8F4D-F36263934833}.Release|Any CPU.ActiveCfg = Release|Any CPU
		{48E5D322-C9E9-48D3-8F4D-F36263934833}.Release|Any CPU.Build.0 = Release|Any CPU
	EndGlobalSection
	GlobalSection(SolutionProperties) = preSolution
		HideSolutionNode = FALSE
	EndGlobalSection
	GlobalSection(ExtensibilityGlobals) = postSolution
		SolutionGuid = {912A8760-49D7-4153-8D60-B93D05356AD8}
	EndGlobalSection
EndGlobal
