
Microsoft Visual Studio Solution File, Format Version 12.00
# Visual Studio 15
VisualStudioVersion = 15.0.27703.2026
MinimumVisualStudioVersion = 10.0.40219.1
Project("{FAE04EC0-301F-11D3-BF4B-00C04F79EFBC}") = "SecondStage.Polymorphism", "SecondStage.Polymorphism\SecondStage.Polymorphism.csproj", "{4445A652-3DA3-436B-9852-A1598D4DB223}"
EndProject
Global
	GlobalSection(SolutionConfigurationPlatforms) = preSolution
		Debug|Any CPU = Debug|Any CPU
		Release|Any CPU = Release|Any CPU
	EndGlobalSection
	GlobalSection(ProjectConfigurationPlatforms) = postSolution
		{4445A652-3DA3-436B-9852-A1598D4DB223}.Debug|Any CPU.ActiveCfg = Debug|Any CPU
		{4445A652-3DA3-436B-9852-A1598D4DB223}.Debug|Any CPU.Build.0 = Debug|Any CPU
		{4445A652-3DA3-436B-9852-A1598D4DB223}.Release|Any CPU.ActiveCfg = Release|Any CPU
		{4445A652-3DA3-436B-9852-A1598D4DB223}.Release|Any CPU.Build.0 = Release|Any CPU
	EndGlobalSection
	GlobalSection(SolutionProperties) = preSolution
		HideSolutionNode = FALSE
	EndGlobalSection
	GlobalSection(ExtensibilityGlobals) = postSolution
		SolutionGuid = {2F3F28DA-7B6F-4BEB-A6A8-129C62BBCAF3}
	EndGlobalSection
EndGlobal
